
Microsoft Visual Studio Solution File, Format Version 12.00
# Visual Studio Version 17
VisualStudioVersion = 17.2.32630.192
MinimumVisualStudioVersion = 10.0.40219.1
Project("{9A19103F-16F7-4668-BE54-9A1E7A4F7556}") = "LV_QLKS", "LV_QLKS\LV_QLKS.csproj", "{8F8FCA8A-1D04-4F0C-BD6C-D716C9ADCB7E}"
EndProject
Project("{9A19103F-16F7-4668-BE54-9A1E7A4F7556}") = "ShareModel", "ShareModel\ShareModel.csproj", "{2C87426A-C414-44B4-BA33-777C010F91A0}"
EndProject
Project("{9A19103F-16F7-4668-BE54-9A1E7A4F7556}") = "LV_QLKS_API", "LV_QLKS_API\LV_QLKS_API.csproj", "{F366183E-2767-4F0D-B2E2-9C9673598513}"
EndProject
Global
	GlobalSection(SolutionConfigurationPlatforms) = preSolution
		Debug|Any CPU = Debug|Any CPU
		Release|Any CPU = Release|Any CPU
	EndGlobalSection
	GlobalSection(ProjectConfigurationPlatforms) = postSolution
		{8F8FCA8A-1D04-4F0C-BD6C-D716C9ADCB7E}.Debug|Any CPU.ActiveCfg = Debug|Any CPU
		{8F8FCA8A-1D04-4F0C-BD6C-D716C9ADCB7E}.Debug|Any CPU.Build.0 = Debug|Any CPU
		{8F8FCA8A-1D04-4F0C-BD6C-D716C9ADCB7E}.Release|Any CPU.ActiveCfg = Release|Any CPU
		{8F8FCA8A-1D04-4F0C-BD6C-D716C9ADCB7E}.Release|Any CPU.Build.0 = Release|Any CPU
		{2C87426A-C414-44B4-BA33-777C010F91A0}.Debug|Any CPU.ActiveCfg = Debug|Any CPU
		{2C87426A-C414-44B4-BA33-777C010F91A0}.Debug|Any CPU.Build.0 = Debug|Any CPU
		{2C87426A-C414-44B4-BA33-777C010F91A0}.Release|Any CPU.ActiveCfg = Release|Any CPU
		{2C87426A-C414-44B4-BA33-777C010F91A0}.Release|Any CPU.Build.0 = Release|Any CPU
		{F366183E-2767-4F0D-B2E2-9C9673598513}.Debug|Any CPU.ActiveCfg = Debug|Any CPU
		{F366183E-2767-4F0D-B2E2-9C9673598513}.Debug|Any CPU.Build.0 = Debug|Any CPU
		{F366183E-2767-4F0D-B2E2-9C9673598513}.Release|Any CPU.ActiveCfg = Release|Any CPU
		{F366183E-2767-4F0D-B2E2-9C9673598513}.Release|Any CPU.Build.0 = Release|Any CPU
	EndGlobalSection
	GlobalSection(SolutionProperties) = preSolution
		HideSolutionNode = FALSE
	EndGlobalSection
	GlobalSection(ExtensibilityGlobals) = postSolution
		SolutionGuid = {39C1FDE8-005A-4926-AF2F-9A020DC7CCCA}
	EndGlobalSection
EndGlobal
